
Microsoft Visual Studio Solution File, Format Version 12.00
# Visual Studio Version 16
VisualStudioVersion = 16.0.30225.117
MinimumVisualStudioVersion = 10.0.40219.1
Project("{9A19103F-16F7-4668-BE54-9A1E7A4F7556}") = "Mastrosoft.CloudConvert", "Mastrosoft.CloudConvert\Mastrosoft.CloudConvert.csproj", "{1C4234A0-0F46-4E78-9021-572A13EC664A}"
EndProject
Project("{FAE04EC0-301F-11D3-BF4B-00C04F79EFBC}") = "Mastrosoft.ConvertTest", "Mastrosoft.ConvertTest\Mastrosoft.ConvertTest.csproj", "{145D4AB8-5C3C-4E0A-9A7B-CBF6894ED1AD}"
EndProject
Project("{FAE04EC0-301F-11D3-BF4B-00C04F79EFBC}") = "Mastrosoft.CloudConvert.Test", "Mastrosoft.CloudConvert.Test\Mastrosoft.CloudConvert.Test.csproj", "{D7AA3DC3-A752-4D79-9398-03C380407FA6}"
EndProject
Project("{2150E333-8FDC-42A3-9474-1A3956D46DE8}") = "Build", "Build", "{73C07535-2EAE-45E6-8FDA-686EEC9E6625}"
EndProject
Global
	GlobalSection(SolutionConfigurationPlatforms) = preSolution
		Debug|Any CPU = Debug|Any CPU
		Release|Any CPU = Release|Any CPU
	EndGlobalSection
	GlobalSection(ProjectConfigurationPlatforms) = postSolution
		{1C4234A0-0F46-4E78-9021-572A13EC664A}.Debug|Any CPU.ActiveCfg = Debug|Any CPU
		{1C4234A0-0F46-4E78-9021-572A13EC664A}.Debug|Any CPU.Build.0 = Debug|Any CPU
		{1C4234A0-0F46-4E78-9021-572A13EC664A}.Release|Any CPU.ActiveCfg = Release|Any CPU
		{1C4234A0-0F46-4E78-9021-572A13EC664A}.Release|Any CPU.Build.0 = Release|Any CPU
		{145D4AB8-5C3C-4E0A-9A7B-CBF6894ED1AD}.Debug|Any CPU.ActiveCfg = Debug|Any CPU
		{145D4AB8-5C3C-4E0A-9A7B-CBF6894ED1AD}.Debug|Any CPU.Build.0 = Debug|Any CPU
		{145D4AB8-5C3C-4E0A-9A7B-CBF6894ED1AD}.Release|Any CPU.ActiveCfg = Release|Any CPU
		{145D4AB8-5C3C-4E0A-9A7B-CBF6894ED1AD}.Release|Any CPU.Build.0 = Release|Any CPU
		{D7AA3DC3-A752-4D79-9398-03C380407FA6}.Debug|Any CPU.ActiveCfg = Debug|Any CPU
		{D7AA3DC3-A752-4D79-9398-03C380407FA6}.Debug|Any CPU.Build.0 = Debug|Any CPU
		{D7AA3DC3-A752-4D79-9398-03C380407FA6}.Release|Any CPU.ActiveCfg = Release|Any CPU
		{D7AA3DC3-A752-4D79-9398-03C380407FA6}.Release|Any CPU.Build.0 = Release|Any CPU
	EndGlobalSection
	GlobalSection(SolutionProperties) = preSolution
		HideSolutionNode = FALSE
	EndGlobalSection
	GlobalSection(ExtensibilityGlobals) = postSolution
		SolutionGuid = {8D84D301-B157-4BA8-9F84-41AA6F1553A1}
	EndGlobalSection
EndGlobal
